
Microsoft Visual Studio Solution File, Format Version 12.00
# Visual Studio Version 17
VisualStudioVersion = 17.4.33213.308
MinimumVisualStudioVersion = 10.0.40219.1
Project("{FAE04EC0-301F-11D3-BF4B-00C04F79EFBC}") = "takie_cos", "takie_cos.csproj", "{82623B77-6A40-4F1E-AD8A-24C9984EF283}"
EndProject
Global
	GlobalSection(SolutionConfigurationPlatforms) = preSolution
		Debug|Any CPU = Debug|Any CPU
		Release|Any CPU = Release|Any CPU
	EndGlobalSection
	GlobalSection(ProjectConfigurationPlatforms) = postSolution
		{82623B77-6A40-4F1E-AD8A-24C9984EF283}.Debug|Any CPU.ActiveCfg = Debug|Any CPU
		{82623B77-6A40-4F1E-AD8A-24C9984EF283}.Debug|Any CPU.Build.0 = Debug|Any CPU
		{82623B77-6A40-4F1E-AD8A-24C9984EF283}.Release|Any CPU.ActiveCfg = Release|Any CPU
		{82623B77-6A40-4F1E-AD8A-24C9984EF283}.Release|Any CPU.Build.0 = Release|Any CPU
	EndGlobalSection
	GlobalSection(SolutionProperties) = preSolution
		HideSolutionNode = FALSE
	EndGlobalSection
	GlobalSection(ExtensibilityGlobals) = postSolution
		SolutionGuid = {B24E2473-90D2-42B7-8D5C-31295FEC00AC}
	EndGlobalSection
EndGlobal
